
Microsoft Visual Studio Solution File, Format Version 12.00
# Visual Studio 15
VisualStudioVersion = 15.0.28010.2026
MinimumVisualStudioVersion = 10.0.40219.1
Project("{FAE04EC0-301F-11D3-BF4B-00C04F79EFBC}") = "Producer_One", "Producer_One\Producer_One.csproj", "{16B01F17-5D98-43C0-9381-EE4D35FB619C}"
EndProject
Project("{FAE04EC0-301F-11D3-BF4B-00C04F79EFBC}") = "Consumer_One", "ConsumerOne\Consumer_One.csproj", "{5E64D817-2992-4EF8-92CC-BB9EBBEE2A7B}"
EndProject
Project("{FAE04EC0-301F-11D3-BF4B-00C04F79EFBC}") = "Producer_Two", "Producer_Two\Producer_Two.csproj", "{198AC158-4526-4171-AB99-D4190F74A4A1}"
EndProject
Project("{FAE04EC0-301F-11D3-BF4B-00C04F79EFBC}") = "Consumer_Two", "Consumer_Two\Consumer_Two.csproj", "{24DDF2A3-07E8-42E7-9A26-EF9D4BBE01E5}"
EndProject
Project("{FAE04EC0-301F-11D3-BF4B-00C04F79EFBC}") = "Producer", "Producer\Producer.csproj", "{5711A573-BAC4-465F-B2E5-0F9EA82A25E5}"
EndProject
Project("{FAE04EC0-301F-11D3-BF4B-00C04F79EFBC}") = "Common", "Common\Common.csproj", "{56627D99-D721-4726-855E-B03D803F5D5C}"
EndProject
Project("{FAE04EC0-301F-11D3-BF4B-00C04F79EFBC}") = "Consumer", "Consumer\Consumer.csproj", "{2D04436C-BF6C-419E-81B6-4D9DBF50D6F7}"
EndProject
Project("{FAE04EC0-301F-11D3-BF4B-00C04F79EFBC}") = "Producer_Three", "Producer_Three\Producer_Three.csproj", "{E01EC5B9-26EF-4FD1-A22C-1C059E386320}"
EndProject
Project("{FAE04EC0-301F-11D3-BF4B-00C04F79EFBC}") = "Producer_FOUR", "Producer_FOUR\Producer_FOUR.csproj", "{EA1FB487-03EE-4FCE-B73D-443668ACB4E6}"
EndProject
Global
	GlobalSection(SolutionConfigurationPlatforms) = preSolution
		Debug|Any CPU = Debug|Any CPU
		Release|Any CPU = Release|Any CPU
	EndGlobalSection
	GlobalSection(ProjectConfigurationPlatforms) = postSolution
		{16B01F17-5D98-43C0-9381-EE4D35FB619C}.Debug|Any CPU.ActiveCfg = Debug|Any CPU
		{16B01F17-5D98-43C0-9381-EE4D35FB619C}.Debug|Any CPU.Build.0 = Debug|Any CPU
		{16B01F17-5D98-43C0-9381-EE4D35FB619C}.Release|Any CPU.ActiveCfg = Release|Any CPU
		{16B01F17-5D98-43C0-9381-EE4D35FB619C}.Release|Any CPU.Build.0 = Release|Any CPU
		{5E64D817-2992-4EF8-92CC-BB9EBBEE2A7B}.Debug|Any CPU.ActiveCfg = Debug|Any CPU
		{5E64D817-2992-4EF8-92CC-BB9EBBEE2A7B}.Debug|Any CPU.Build.0 = Debug|Any CPU
		{5E64D817-2992-4EF8-92CC-BB9EBBEE2A7B}.Release|Any CPU.ActiveCfg = Release|Any CPU
		{5E64D817-2992-4EF8-92CC-BB9EBBEE2A7B}.Release|Any CPU.Build.0 = Release|Any CPU
		{198AC158-4526-4171-AB99-D4190F74A4A1}.Debug|Any CPU.ActiveCfg = Debug|Any CPU
		{198AC158-4526-4171-AB99-D4190F74A4A1}.Debug|Any CPU.Build.0 = Debug|Any CPU
		{198AC158-4526-4171-AB99-D4190F74A4A1}.Release|Any CPU.ActiveCfg = Release|Any CPU
		{198AC158-4526-4171-AB99-D4190F74A4A1}.Release|Any CPU.Build.0 = Release|Any CPU
		{24DDF2A3-07E8-42E7-9A26-EF9D4BBE01E5}.Debug|Any CPU.ActiveCfg = Debug|Any CPU
		{24DDF2A3-07E8-42E7-9A26-EF9D4BBE01E5}.Debug|Any CPU.Build.0 = Debug|Any CPU
		{24DDF2A3-07E8-42E7-9A26-EF9D4BBE01E5}.Release|Any CPU.ActiveCfg = Release|Any CPU
		{24DDF2A3-07E8-42E7-9A26-EF9D4BBE01E5}.Release|Any CPU.Build.0 = Release|Any CPU
		{5711A573-BAC4-465F-B2E5-0F9EA82A25E5}.Debug|Any CPU.ActiveCfg = Debug|Any CPU
		{5711A573-BAC4-465F-B2E5-0F9EA82A25E5}.Debug|Any CPU.Build.0 = Debug|Any CPU
		{5711A573-BAC4-465F-B2E5-0F9EA82A25E5}.Release|Any CPU.ActiveCfg = Release|Any CPU
		{5711A573-BAC4-465F-B2E5-0F9EA82A25E5}.Release|Any CPU.Build.0 = Release|Any CPU
		{56627D99-D721-4726-855E-B03D803F5D5C}.Debug|Any CPU.ActiveCfg = Debug|Any CPU
		{56627D99-D721-4726-855E-B03D803F5D5C}.Debug|Any CPU.Build.0 = Debug|Any CPU
		{56627D99-D721-4726-855E-B03D803F5D5C}.Release|Any CPU.ActiveCfg = Release|Any CPU
		{56627D99-D721-4726-855E-B03D803F5D5C}.Release|Any CPU.Build.0 = Release|Any CPU
		{2D04436C-BF6C-419E-81B6-4D9DBF50D6F7}.Debug|Any CPU.ActiveCfg = Debug|Any CPU
		{2D04436C-BF6C-419E-81B6-4D9DBF50D6F7}.Debug|Any CPU.Build.0 = Debug|Any CPU
		{2D04436C-BF6C-419E-81B6-4D9DBF50D6F7}.Release|Any CPU.ActiveCfg = Release|Any CPU
		{2D04436C-BF6C-419E-81B6-4D9DBF50D6F7}.Release|Any CPU.Build.0 = Release|Any CPU
		{E01EC5B9-26EF-4FD1-A22C-1C059E386320}.Debug|Any CPU.ActiveCfg = Debug|Any CPU
		{E01EC5B9-26EF-4FD1-A22C-1C059E386320}.Debug|Any CPU.Build.0 = Debug|Any CPU
		{E01EC5B9-26EF-4FD1-A22C-1C059E386320}.Release|Any CPU.ActiveCfg = Release|Any CPU
		{E01EC5B9-26EF-4FD1-A22C-1C059E386320}.Release|Any CPU.Build.0 = Release|Any CPU
		{EA1FB487-03EE-4FCE-B73D-443668ACB4E6}.Debug|Any CPU.ActiveCfg = Debug|Any CPU
		{EA1FB487-03EE-4FCE-B73D-443668ACB4E6}.Debug|Any CPU.Build.0 = Debug|Any CPU
		{EA1FB487-03EE-4FCE-B73D-443668ACB4E6}.Release|Any CPU.ActiveCfg = Release|Any CPU
		{EA1FB487-03EE-4FCE-B73D-443668ACB4E6}.Release|Any CPU.Build.0 = Release|Any CPU
	EndGlobalSection
	GlobalSection(SolutionProperties) = preSolution
		HideSolutionNode = FALSE
	EndGlobalSection
	GlobalSection(ExtensibilityGlobals) = postSolution
		SolutionGuid = {0E5C3EEC-91DC-4DFE-92DF-CFA86C9EF142}
	EndGlobalSection
EndGlobal
